
Microsoft Visual Studio Solution File, Format Version 12.00
# Visual Studio 15
VisualStudioVersion = 15.0.27703.2026
MinimumVisualStudioVersion = 10.0.40219.1
Project("{2150E333-8FDC-42A3-9474-1A3956D46DE8}") = "src", "src", "{9A0E06EA-8E09-441A-B076-896000D5957B}"
EndProject
Project("{2150E333-8FDC-42A3-9474-1A3956D46DE8}") = "tests", "tests", "{B8D9D2A8-6E21-41CA-9D40-C2779A1E46F5}"
EndProject
Project("{9A19103F-16F7-4668-BE54-9A1E7A4F7556}") = "Dnc.Core", "src\Dnc.Core\Dnc.Core.csproj", "{48C5AE35-74A1-49C7-BA9B-944C408A7659}"
EndProject
Project("{9A19103F-16F7-4668-BE54-9A1E7A4F7556}") = "Dnc.Windows32", "src\Dnc.Windows32\Dnc.Windows32.csproj", "{0D662C3E-264F-4F28-8BE0-EA0A758CB7B2}"
EndProject
Project("{9A19103F-16F7-4668-BE54-9A1E7A4F7556}") = "Dnc.Micro", "src\Dnc.Micro\Dnc.Micro.csproj", "{0F6530C1-6D49-484D-9339-3287BEE1ED0A}"
EndProject
Project("{9A19103F-16F7-4668-BE54-9A1E7A4F7556}") = "Dnc.BigData", "src\Dnc.BigData\Dnc.BigData.csproj", "{4FFC62D4-D541-4162-B4EC-3BC30E5717DC}"
EndProject
Project("{2150E333-8FDC-42A3-9474-1A3956D46DE8}") = "Solution Items", "Solution Items", "{32B75108-75DD-4C2A-AD1A-553275A7F826}"
	ProjectSection(SolutionItems) = preProject
		.build\build.cake = .build\build.cake
	EndProjectSection
EndProject
Project("{9A19103F-16F7-4668-BE54-9A1E7A4F7556}") = "Dnc.Spider", "src\Dnc.Spider\Dnc.Spider.csproj", "{1FF1AA14-DA87-4458-95B9-A2C2D34F9DE8}"
EndProject
Project("{9A19103F-16F7-4668-BE54-9A1E7A4F7556}") = "Dnc.Spider.HttpRequest", "src\Dnc.Spider.HttpRequest\Dnc.Spider.HttpRequest.csproj", "{081E5082-2CFB-4015-8D41-0171A588CDA3}"
EndProject
Project("{9A19103F-16F7-4668-BE54-9A1E7A4F7556}") = "Dnc.Spider.Puppeteer", "src\Dnc.Spider.Puppeteer\Dnc.Spider.Puppeteer.csproj", "{A61546DF-CB10-424F-9DBC-817F1FED80D3}"
EndProject
Project("{9A19103F-16F7-4668-BE54-9A1E7A4F7556}") = "Dnc.Redis", "src\Dnc.Redis\Dnc.Redis.csproj", "{7075B9EF-BA53-478B-B376-D7A136FECC6A}"
EndProject
Project("{9A19103F-16F7-4668-BE54-9A1E7A4F7556}") = "Dnc.UnitTests", "tests\Dnc.UnitTests\Dnc.UnitTests.csproj", "{352A6B6E-276A-4FD6-BDE6-5C5D4012E347}"
EndProject
Project("{9A19103F-16F7-4668-BE54-9A1E7A4F7556}") = "Dnc.Spider.Selenium", "src\Dnc.Spider.Selenium\Dnc.Spider.Selenium.csproj", "{D7388676-14A4-4C05-8D24-2E219019A9C3}"
EndProject
Project("{9A19103F-16F7-4668-BE54-9A1E7A4F7556}") = "Dnc.Test", "tests\Dnc.Test\Dnc.Test.csproj", "{3C314965-9C9A-4C06-95BD-23C7AD0DE2A6}"
EndProject
Project("{9A19103F-16F7-4668-BE54-9A1E7A4F7556}") = "Dnc.Dispatcher", "src\Dnc.Dispatcher\Dnc.Dispatcher.csproj", "{1C87EF46-0566-4A9B-9843-81B013DDFEA4}"
EndProject
Project("{9A19103F-16F7-4668-BE54-9A1E7A4F7556}") = "Dnc.Data", "src\Dnc.Data\Dnc.Data.csproj", "{9BC2F338-CFA3-489B-94DB-6B97656CA62E}"
EndProject
Project("{9A19103F-16F7-4668-BE54-9A1E7A4F7556}") = "Dnc.Biz.Admin", "src\Dnc.Biz.Admin\Dnc.Biz.Admin.csproj", "{5BF48AC3-5091-4F7D-A507-0E568408BF2D}"
EndProject
Project("{9A19103F-16F7-4668-BE54-9A1E7A4F7556}") = "Dnc.Biz.Users", "src\Dnc.Biz.Users\Dnc.Biz.Users.csproj", "{F26F655A-66A0-46A4-A309-5E7A0FD27E85}"
EndProject
Project("{9A19103F-16F7-4668-BE54-9A1E7A4F7556}") = "Dnc.Events", "src\Dnc.Events\Dnc.Events.csproj", "{84A42046-389A-46A6-A37D-6E7789B1B9DC}"
EndProject
Project("{9A19103F-16F7-4668-BE54-9A1E7A4F7556}") = "Dnc.Seedwork", "src\Dnc.Seedwork\Dnc.Seedwork.csproj", "{A703359A-B2B0-4431-9F07-1057ACAF6EBC}"
EndProject
Project("{9A19103F-16F7-4668-BE54-9A1E7A4F7556}") = "Dnc.Events.InMemory", "src\Dnc.Events.InMemory\Dnc.Events.InMemory.csproj", "{FDC9BDA3-DB58-4064-AC43-CE67AB8CEE7C}"
EndProject
Project("{9A19103F-16F7-4668-BE54-9A1E7A4F7556}") = "Dnc.Sender", "src\Dnc.Sender\Dnc.Sender.csproj", "{DCC6629B-44E0-4C5D-8578-E922AB15109B}"
EndProject
Project("{9A19103F-16F7-4668-BE54-9A1E7A4F7556}") = "Dnc.SignalR", "src\Dnc.SignalR\Dnc.SignalR.csproj", "{593D5BF2-5A35-49E5-8F41-9F2D950B5A1A}"
EndProject
Project("{9A19103F-16F7-4668-BE54-9A1E7A4F7556}") = "Dnc.Validation", "src\Dnc.Validation\Dnc.Validation.csproj", "{0F1FA47A-539C-4448-9C55-29FD9C7FAF57}"
EndProject
Project("{9A19103F-16F7-4668-BE54-9A1E7A4F7556}") = "Dnc.RPC", "src\Dnc.RPC\Dnc.RPC.csproj", "{7563AB88-04F4-47E5-8C73-FBB3E1CF938E}"
EndProject
Project("{9A19103F-16F7-4668-BE54-9A1E7A4F7556}") = "Dnc.PerformanceCounter", "src\Dnc.PerformanceCounter\Dnc.PerformanceCounter.csproj", "{EB720F19-3833-4267-8266-B46C6B54C0FC}"
EndProject
Project("{9A19103F-16F7-4668-BE54-9A1E7A4F7556}") = "Dnc.Events.RabbitMQ", "src\Dnc.Events.RabbitMQ\Dnc.Events.RabbitMQ.csproj", "{3C546969-3D61-4908-B52E-6B9D90345D31}"
EndProject
Project("{9A19103F-16F7-4668-BE54-9A1E7A4F7556}") = "Dnc.Events.MySql", "src\Dnc.Events.MySql\Dnc.Events.MySql.csproj", "{BD0FBC06-E20B-4DD6-BF6A-C430D9DFF3FA}"
EndProject
Project("{9A19103F-16F7-4668-BE54-9A1E7A4F7556}") = "Dnc.Biz.Blogs", "src\Dnc.Biz.Blogs\Dnc.Biz.Blogs.csproj", "{15836020-B894-4EC9-971E-0E6741D5B369}"
EndProject
Project("{9A19103F-16F7-4668-BE54-9A1E7A4F7556}") = "Dnc.Biz.Comments", "src\Dnc.Biz.Comments\Dnc.Biz.Comments.csproj", "{A97996A9-F258-46D6-800C-0DAE1437D53F}"
EndProject
Project("{9A19103F-16F7-4668-BE54-9A1E7A4F7556}") = "Dnc.ML", "src\Dnc.ML\Dnc.ML.csproj", "{E46AC9E5-70CD-497A-ADDC-341077A52B43}"
EndProject
Project("{9A19103F-16F7-4668-BE54-9A1E7A4F7556}") = "Dnc.Aspects", "src\Dnc.Aspects\Dnc.Aspects.csproj", "{D8DDE801-2EF4-4DAC-B5A4-21E479129DEE}"
EndProject
Project("{9A19103F-16F7-4668-BE54-9A1E7A4F7556}") = "Dnc.CQRS", "src\Dnc.CQRS\Dnc.CQRS.csproj", "{E184089D-7152-47FC-926C-DB6F6BA56C3B}"
EndProject
Project("{9A19103F-16F7-4668-BE54-9A1E7A4F7556}") = "Dnc.AspNetCore", "src\Dnc.AspNetCore\Dnc.AspNetCore.csproj", "{1958B225-22D5-4BB0-A06F-5CB5E678C3F9}"
EndProject
Project("{9A19103F-16F7-4668-BE54-9A1E7A4F7556}") = "Dnc.AspNetCore.Ui", "src\Dnc.AspNetCore.Ui\Dnc.AspNetCore.Ui.csproj", "{FDC92589-BA6B-4121-9A91-A311D2958F87}"
EndProject
Project("{9A19103F-16F7-4668-BE54-9A1E7A4F7556}") = "Dnc.AspNetCore.Web", "src\Dnc.AspNetCore.Web\Dnc.AspNetCore.Web.csproj", "{0E21920E-511F-48D8-AE9E-19AC43DD0B08}"
EndProject
Project("{9A19103F-16F7-4668-BE54-9A1E7A4F7556}") = "Dnc.AspNetCore.WebApi", "src\Dnc.AspNetCore.WebApi\Dnc.AspNetCore.WebApi.csproj", "{292F9290-4838-4ABB-BA99-C3F6B385FE45}"
EndProject
Project("{9A19103F-16F7-4668-BE54-9A1E7A4F7556}") = "Dnc.WPF", "src\Dnc.WPF\Dnc.WPF.csproj", "{2E22399C-132C-4932-91D9-0ABC40539FA5}"
EndProject
Project("{FAE04EC0-301F-11D3-BF4B-00C04F79EFBC}") = "Dnc.WPF.Ui", "src\Dnc.WPF.Ui\Dnc.WPF.Ui.csproj", "{C9B70FD1-3EA2-48AC-ACBE-E867B3BC632F}"
EndProject
Project("{FAE04EC0-301F-11D3-BF4B-00C04F79EFBC}") = "Dnc.OSS", "src\Dnc.OSS\Dnc.OSS.csproj", "{7C4CD664-E979-4E60-898F-FA07F703568C}"
EndProject
Project("{FAE04EC0-301F-11D3-BF4B-00C04F79EFBC}") = "Dnc.OSS.Aliyun", "src\Dnc.OSS.Aliyun\Dnc.OSS.Aliyun.csproj", "{EE0A8822-E0E3-49C9-91E9-8BE5BBE879C5}"
EndProject
Global
	GlobalSection(SolutionConfigurationPlatforms) = preSolution
		Debug|Any CPU = Debug|Any CPU
		Release|Any CPU = Release|Any CPU
	EndGlobalSection
	GlobalSection(ProjectConfigurationPlatforms) = postSolution
		{48C5AE35-74A1-49C7-BA9B-944C408A7659}.Debug|Any CPU.ActiveCfg = Debug|Any CPU
		{48C5AE35-74A1-49C7-BA9B-944C408A7659}.Debug|Any CPU.Build.0 = Debug|Any CPU
		{48C5AE35-74A1-49C7-BA9B-944C408A7659}.Release|Any CPU.ActiveCfg = Release|Any CPU
		{48C5AE35-74A1-49C7-BA9B-944C408A7659}.Release|Any CPU.Build.0 = Release|Any CPU
		{0D662C3E-264F-4F28-8BE0-EA0A758CB7B2}.Debug|Any CPU.ActiveCfg = Debug|Any CPU
		{0D662C3E-264F-4F28-8BE0-EA0A758CB7B2}.Debug|Any CPU.Build.0 = Debug|Any CPU
		{0D662C3E-264F-4F28-8BE0-EA0A758CB7B2}.Release|Any CPU.ActiveCfg = Release|Any CPU
		{0D662C3E-264F-4F28-8BE0-EA0A758CB7B2}.Release|Any CPU.Build.0 = Release|Any CPU
		{0F6530C1-6D49-484D-9339-3287BEE1ED0A}.Debug|Any CPU.ActiveCfg = Debug|Any CPU
		{0F6530C1-6D49-484D-9339-3287BEE1ED0A}.Debug|Any CPU.Build.0 = Debug|Any CPU
		{0F6530C1-6D49-484D-9339-3287BEE1ED0A}.Release|Any CPU.ActiveCfg = Release|Any CPU
		{0F6530C1-6D49-484D-9339-3287BEE1ED0A}.Release|Any CPU.Build.0 = Release|Any CPU
		{4FFC62D4-D541-4162-B4EC-3BC30E5717DC}.Debug|Any CPU.ActiveCfg = Debug|Any CPU
		{4FFC62D4-D541-4162-B4EC-3BC30E5717DC}.Debug|Any CPU.Build.0 = Debug|Any CPU
		{4FFC62D4-D541-4162-B4EC-3BC30E5717DC}.Release|Any CPU.ActiveCfg = Release|Any CPU
		{4FFC62D4-D541-4162-B4EC-3BC30E5717DC}.Release|Any CPU.Build.0 = Release|Any CPU
		{1FF1AA14-DA87-4458-95B9-A2C2D34F9DE8}.Debug|Any CPU.ActiveCfg = Debug|Any CPU
		{1FF1AA14-DA87-4458-95B9-A2C2D34F9DE8}.Debug|Any CPU.Build.0 = Debug|Any CPU
		{1FF1AA14-DA87-4458-95B9-A2C2D34F9DE8}.Release|Any CPU.ActiveCfg = Release|Any CPU
		{1FF1AA14-DA87-4458-95B9-A2C2D34F9DE8}.Release|Any CPU.Build.0 = Release|Any CPU
		{081E5082-2CFB-4015-8D41-0171A588CDA3}.Debug|Any CPU.ActiveCfg = Debug|Any CPU
		{081E5082-2CFB-4015-8D41-0171A588CDA3}.Debug|Any CPU.Build.0 = Debug|Any CPU
		{081E5082-2CFB-4015-8D41-0171A588CDA3}.Release|Any CPU.ActiveCfg = Release|Any CPU
		{081E5082-2CFB-4015-8D41-0171A588CDA3}.Release|Any CPU.Build.0 = Release|Any CPU
		{A61546DF-CB10-424F-9DBC-817F1FED80D3}.Debug|Any CPU.ActiveCfg = Debug|Any CPU
		{A61546DF-CB10-424F-9DBC-817F1FED80D3}.Debug|Any CPU.Build.0 = Debug|Any CPU
		{A61546DF-CB10-424F-9DBC-817F1FED80D3}.Release|Any CPU.ActiveCfg = Release|Any CPU
		{A61546DF-CB10-424F-9DBC-817F1FED80D3}.Release|Any CPU.Build.0 = Release|Any CPU
		{7075B9EF-BA53-478B-B376-D7A136FECC6A}.Debug|Any CPU.ActiveCfg = Debug|Any CPU
		{7075B9EF-BA53-478B-B376-D7A136FECC6A}.Debug|Any CPU.Build.0 = Debug|Any CPU
		{7075B9EF-BA53-478B-B376-D7A136FECC6A}.Release|Any CPU.ActiveCfg = Release|Any CPU
		{7075B9EF-BA53-478B-B376-D7A136FECC6A}.Release|Any CPU.Build.0 = Release|Any CPU
		{352A6B6E-276A-4FD6-BDE6-5C5D4012E347}.Debug|Any CPU.ActiveCfg = Debug|Any CPU
		{352A6B6E-276A-4FD6-BDE6-5C5D4012E347}.Debug|Any CPU.Build.0 = Debug|Any CPU
		{352A6B6E-276A-4FD6-BDE6-5C5D4012E347}.Release|Any CPU.ActiveCfg = Release|Any CPU
		{352A6B6E-276A-4FD6-BDE6-5C5D4012E347}.Release|Any CPU.Build.0 = Release|Any CPU
		{D7388676-14A4-4C05-8D24-2E219019A9C3}.Debug|Any CPU.ActiveCfg = Debug|Any CPU
		{D7388676-14A4-4C05-8D24-2E219019A9C3}.Debug|Any CPU.Build.0 = Debug|Any CPU
		{D7388676-14A4-4C05-8D24-2E219019A9C3}.Release|Any CPU.ActiveCfg = Release|Any CPU
		{D7388676-14A4-4C05-8D24-2E219019A9C3}.Release|Any CPU.Build.0 = Release|Any CPU
		{3C314965-9C9A-4C06-95BD-23C7AD0DE2A6}.Debug|Any CPU.ActiveCfg = Debug|Any CPU
		{3C314965-9C9A-4C06-95BD-23C7AD0DE2A6}.Debug|Any CPU.Build.0 = Debug|Any CPU
		{3C314965-9C9A-4C06-95BD-23C7AD0DE2A6}.Release|Any CPU.ActiveCfg = Release|Any CPU
		{3C314965-9C9A-4C06-95BD-23C7AD0DE2A6}.Release|Any CPU.Build.0 = Release|Any CPU
		{1C87EF46-0566-4A9B-9843-81B013DDFEA4}.Debug|Any CPU.ActiveCfg = Debug|Any CPU
		{1C87EF46-0566-4A9B-9843-81B013DDFEA4}.Debug|Any CPU.Build.0 = Debug|Any CPU
		{1C87EF46-0566-4A9B-9843-81B013DDFEA4}.Release|Any CPU.ActiveCfg = Release|Any CPU
		{1C87EF46-0566-4A9B-9843-81B013DDFEA4}.Release|Any CPU.Build.0 = Release|Any CPU
		{9BC2F338-CFA3-489B-94DB-6B97656CA62E}.Debug|Any CPU.ActiveCfg = Debug|Any CPU
		{9BC2F338-CFA3-489B-94DB-6B97656CA62E}.Debug|Any CPU.Build.0 = Debug|Any CPU
		{9BC2F338-CFA3-489B-94DB-6B97656CA62E}.Release|Any CPU.ActiveCfg = Release|Any CPU
		{9BC2F338-CFA3-489B-94DB-6B97656CA62E}.Release|Any CPU.Build.0 = Release|Any CPU
		{5BF48AC3-5091-4F7D-A507-0E568408BF2D}.Debug|Any CPU.ActiveCfg = Debug|Any CPU
		{5BF48AC3-5091-4F7D-A507-0E568408BF2D}.Debug|Any CPU.Build.0 = Debug|Any CPU
		{5BF48AC3-5091-4F7D-A507-0E568408BF2D}.Release|Any CPU.ActiveCfg = Release|Any CPU
		{5BF48AC3-5091-4F7D-A507-0E568408BF2D}.Release|Any CPU.Build.0 = Release|Any CPU
		{F26F655A-66A0-46A4-A309-5E7A0FD27E85}.Debug|Any CPU.ActiveCfg = Debug|Any CPU
		{F26F655A-66A0-46A4-A309-5E7A0FD27E85}.Debug|Any CPU.Build.0 = Debug|Any CPU
		{F26F655A-66A0-46A4-A309-5E7A0FD27E85}.Release|Any CPU.ActiveCfg = Release|Any CPU
		{F26F655A-66A0-46A4-A309-5E7A0FD27E85}.Release|Any CPU.Build.0 = Release|Any CPU
		{84A42046-389A-46A6-A37D-6E7789B1B9DC}.Debug|Any CPU.ActiveCfg = Debug|Any CPU
		{84A42046-389A-46A6-A37D-6E7789B1B9DC}.Debug|Any CPU.Build.0 = Debug|Any CPU
		{84A42046-389A-46A6-A37D-6E7789B1B9DC}.Release|Any CPU.ActiveCfg = Release|Any CPU
		{84A42046-389A-46A6-A37D-6E7789B1B9DC}.Release|Any CPU.Build.0 = Release|Any CPU
		{A703359A-B2B0-4431-9F07-1057ACAF6EBC}.Debug|Any CPU.ActiveCfg = Debug|Any CPU
		{A703359A-B2B0-4431-9F07-1057ACAF6EBC}.Debug|Any CPU.Build.0 = Debug|Any CPU
		{A703359A-B2B0-4431-9F07-1057ACAF6EBC}.Release|Any CPU.ActiveCfg = Release|Any CPU
		{A703359A-B2B0-4431-9F07-1057ACAF6EBC}.Release|Any CPU.Build.0 = Release|Any CPU
		{FDC9BDA3-DB58-4064-AC43-CE67AB8CEE7C}.Debug|Any CPU.ActiveCfg = Debug|Any CPU
		{FDC9BDA3-DB58-4064-AC43-CE67AB8CEE7C}.Debug|Any CPU.Build.0 = Debug|Any CPU
		{FDC9BDA3-DB58-4064-AC43-CE67AB8CEE7C}.Release|Any CPU.ActiveCfg = Release|Any CPU
		{FDC9BDA3-DB58-4064-AC43-CE67AB8CEE7C}.Release|Any CPU.Build.0 = Release|Any CPU
		{DCC6629B-44E0-4C5D-8578-E922AB15109B}.Debug|Any CPU.ActiveCfg = Debug|Any CPU
		{DCC6629B-44E0-4C5D-8578-E922AB15109B}.Debug|Any CPU.Build.0 = Debug|Any CPU
		{DCC6629B-44E0-4C5D-8578-E922AB15109B}.Release|Any CPU.ActiveCfg = Release|Any CPU
		{DCC6629B-44E0-4C5D-8578-E922AB15109B}.Release|Any CPU.Build.0 = Release|Any CPU
		{593D5BF2-5A35-49E5-8F41-9F2D950B5A1A}.Debug|Any CPU.ActiveCfg = Debug|Any CPU
		{593D5BF2-5A35-49E5-8F41-9F2D950B5A1A}.Debug|Any CPU.Build.0 = Debug|Any CPU
		{593D5BF2-5A35-49E5-8F41-9F2D950B5A1A}.Release|Any CPU.ActiveCfg = Release|Any CPU
		{593D5BF2-5A35-49E5-8F41-9F2D950B5A1A}.Release|Any CPU.Build.0 = Release|Any CPU
		{0F1FA47A-539C-4448-9C55-29FD9C7FAF57}.Debug|Any CPU.ActiveCfg = Debug|Any CPU
		{0F1FA47A-539C-4448-9C55-29FD9C7FAF57}.Debug|Any CPU.Build.0 = Debug|Any CPU
		{0F1FA47A-539C-4448-9C55-29FD9C7FAF57}.Release|Any CPU.ActiveCfg = Release|Any CPU
		{0F1FA47A-539C-4448-9C55-29FD9C7FAF57}.Release|Any CPU.Build.0 = Release|Any CPU
		{7563AB88-04F4-47E5-8C73-FBB3E1CF938E}.Debug|Any CPU.ActiveCfg = Debug|Any CPU
		{7563AB88-04F4-47E5-8C73-FBB3E1CF938E}.Debug|Any CPU.Build.0 = Debug|Any CPU
		{7563AB88-04F4-47E5-8C73-FBB3E1CF938E}.Release|Any CPU.ActiveCfg = Release|Any CPU
		{7563AB88-04F4-47E5-8C73-FBB3E1CF938E}.Release|Any CPU.Build.0 = Release|Any CPU
		{EB720F19-3833-4267-8266-B46C6B54C0FC}.Debug|Any CPU.ActiveCfg = Debug|Any CPU
		{EB720F19-3833-4267-8266-B46C6B54C0FC}.Debug|Any CPU.Build.0 = Debug|Any CPU
		{EB720F19-3833-4267-8266-B46C6B54C0FC}.Release|Any CPU.ActiveCfg = Release|Any CPU
		{EB720F19-3833-4267-8266-B46C6B54C0FC}.Release|Any CPU.Build.0 = Release|Any CPU
		{3C546969-3D61-4908-B52E-6B9D90345D31}.Debug|Any CPU.ActiveCfg = Debug|Any CPU
		{3C546969-3D61-4908-B52E-6B9D90345D31}.Debug|Any CPU.Build.0 = Debug|Any CPU
		{3C546969-3D61-4908-B52E-6B9D90345D31}.Release|Any CPU.ActiveCfg = Release|Any CPU
		{3C546969-3D61-4908-B52E-6B9D90345D31}.Release|Any CPU.Build.0 = Release|Any CPU
		{BD0FBC06-E20B-4DD6-BF6A-C430D9DFF3FA}.Debug|Any CPU.ActiveCfg = Debug|Any CPU
		{BD0FBC06-E20B-4DD6-BF6A-C430D9DFF3FA}.Debug|Any CPU.Build.0 = Debug|Any CPU
		{BD0FBC06-E20B-4DD6-BF6A-C430D9DFF3FA}.Release|Any CPU.ActiveCfg = Release|Any CPU
		{BD0FBC06-E20B-4DD6-BF6A-C430D9DFF3FA}.Release|Any CPU.Build.0 = Release|Any CPU
		{15836020-B894-4EC9-971E-0E6741D5B369}.Debug|Any CPU.ActiveCfg = Debug|Any CPU
		{15836020-B894-4EC9-971E-0E6741D5B369}.Debug|Any CPU.Build.0 = Debug|Any CPU
		{15836020-B894-4EC9-971E-0E6741D5B369}.Release|Any CPU.ActiveCfg = Release|Any CPU
		{15836020-B894-4EC9-971E-0E6741D5B369}.Release|Any CPU.Build.0 = Release|Any CPU
		{A97996A9-F258-46D6-800C-0DAE1437D53F}.Debug|Any CPU.ActiveCfg = Debug|Any CPU
		{A97996A9-F258-46D6-800C-0DAE1437D53F}.Debug|Any CPU.Build.0 = Debug|Any CPU
		{A97996A9-F258-46D6-800C-0DAE1437D53F}.Release|Any CPU.ActiveCfg = Release|Any CPU
		{A97996A9-F258-46D6-800C-0DAE1437D53F}.Release|Any CPU.Build.0 = Release|Any CPU
		{E46AC9E5-70CD-497A-ADDC-341077A52B43}.Debug|Any CPU.ActiveCfg = Debug|Any CPU
		{E46AC9E5-70CD-497A-ADDC-341077A52B43}.Debug|Any CPU.Build.0 = Debug|Any CPU
		{E46AC9E5-70CD-497A-ADDC-341077A52B43}.Release|Any CPU.ActiveCfg = Release|Any CPU
		{E46AC9E5-70CD-497A-ADDC-341077A52B43}.Release|Any CPU.Build.0 = Release|Any CPU
		{D8DDE801-2EF4-4DAC-B5A4-21E479129DEE}.Debug|Any CPU.ActiveCfg = Debug|Any CPU
		{D8DDE801-2EF4-4DAC-B5A4-21E479129DEE}.Debug|Any CPU.Build.0 = Debug|Any CPU
		{D8DDE801-2EF4-4DAC-B5A4-21E479129DEE}.Release|Any CPU.ActiveCfg = Release|Any CPU
		{D8DDE801-2EF4-4DAC-B5A4-21E479129DEE}.Release|Any CPU.Build.0 = Release|Any CPU
		{E184089D-7152-47FC-926C-DB6F6BA56C3B}.Debug|Any CPU.ActiveCfg = Debug|Any CPU
		{E184089D-7152-47FC-926C-DB6F6BA56C3B}.Debug|Any CPU.Build.0 = Debug|Any CPU
		{E184089D-7152-47FC-926C-DB6F6BA56C3B}.Release|Any CPU.ActiveCfg = Release|Any CPU
		{E184089D-7152-47FC-926C-DB6F6BA56C3B}.Release|Any CPU.Build.0 = Release|Any CPU
		{1958B225-22D5-4BB0-A06F-5CB5E678C3F9}.Debug|Any CPU.ActiveCfg = Debug|Any CPU
		{1958B225-22D5-4BB0-A06F-5CB5E678C3F9}.Debug|Any CPU.Build.0 = Debug|Any CPU
		{1958B225-22D5-4BB0-A06F-5CB5E678C3F9}.Release|Any CPU.ActiveCfg = Release|Any CPU
		{1958B225-22D5-4BB0-A06F-5CB5E678C3F9}.Release|Any CPU.Build.0 = Release|Any CPU
		{FDC92589-BA6B-4121-9A91-A311D2958F87}.Debug|Any CPU.ActiveCfg = Debug|Any CPU
		{FDC92589-BA6B-4121-9A91-A311D2958F87}.Debug|Any CPU.Build.0 = Debug|Any CPU
		{FDC92589-BA6B-4121-9A91-A311D2958F87}.Release|Any CPU.ActiveCfg = Release|Any CPU
		{FDC92589-BA6B-4121-9A91-A311D2958F87}.Release|Any CPU.Build.0 = Release|Any CPU
		{0E21920E-511F-48D8-AE9E-19AC43DD0B08}.Debug|Any CPU.ActiveCfg = Debug|Any CPU
		{0E21920E-511F-48D8-AE9E-19AC43DD0B08}.Debug|Any CPU.Build.0 = Debug|Any CPU
		{0E21920E-511F-48D8-AE9E-19AC43DD0B08}.Release|Any CPU.ActiveCfg = Release|Any CPU
		{0E21920E-511F-48D8-AE9E-19AC43DD0B08}.Release|Any CPU.Build.0 = Release|Any CPU
		{292F9290-4838-4ABB-BA99-C3F6B385FE45}.Debug|Any CPU.ActiveCfg = Debug|Any CPU
		{292F9290-4838-4ABB-BA99-C3F6B385FE45}.Debug|Any CPU.Build.0 = Debug|Any CPU
		{292F9290-4838-4ABB-BA99-C3F6B385FE45}.Release|Any CPU.ActiveCfg = Release|Any CPU
		{292F9290-4838-4ABB-BA99-C3F6B385FE45}.Release|Any CPU.Build.0 = Release|Any CPU
		{2E22399C-132C-4932-91D9-0ABC40539FA5}.Debug|Any CPU.ActiveCfg = Debug|Any CPU
		{2E22399C-132C-4932-91D9-0ABC40539FA5}.Debug|Any CPU.Build.0 = Debug|Any CPU
		{2E22399C-132C-4932-91D9-0ABC40539FA5}.Release|Any CPU.ActiveCfg = Release|Any CPU
		{2E22399C-132C-4932-91D9-0ABC40539FA5}.Release|Any CPU.Build.0 = Release|Any CPU
		{C9B70FD1-3EA2-48AC-ACBE-E867B3BC632F}.Debug|Any CPU.ActiveCfg = Debug|Any CPU
		{C9B70FD1-3EA2-48AC-ACBE-E867B3BC632F}.Debug|Any CPU.Build.0 = Debug|Any CPU
		{C9B70FD1-3EA2-48AC-ACBE-E867B3BC632F}.Release|Any CPU.ActiveCfg = Release|Any CPU
		{C9B70FD1-3EA2-48AC-ACBE-E867B3BC632F}.Release|Any CPU.Build.0 = Release|Any CPU
		{7C4CD664-E979-4E60-898F-FA07F703568C}.Debug|Any CPU.ActiveCfg = Debug|Any CPU
		{7C4CD664-E979-4E60-898F-FA07F703568C}.Debug|Any CPU.Build.0 = Debug|Any CPU
		{7C4CD664-E979-4E60-898F-FA07F703568C}.Release|Any CPU.ActiveCfg = Release|Any CPU
		{7C4CD664-E979-4E60-898F-FA07F703568C}.Release|Any CPU.Build.0 = Release|Any CPU
		{EE0A8822-E0E3-49C9-91E9-8BE5BBE879C5}.Debug|Any CPU.ActiveCfg = Debug|Any CPU
		{EE0A8822-E0E3-49C9-91E9-8BE5BBE879C5}.Debug|Any CPU.Build.0 = Debug|Any CPU
		{EE0A8822-E0E3-49C9-91E9-8BE5BBE879C5}.Release|Any CPU.ActiveCfg = Release|Any CPU
		{EE0A8822-E0E3-49C9-91E9-8BE5BBE879C5}.Release|Any CPU.Build.0 = Release|Any CPU
	EndGlobalSection
	GlobalSection(SolutionProperties) = preSolution
		HideSolutionNode = FALSE
	EndGlobalSection
	GlobalSection(NestedProjects) = preSolution
		{48C5AE35-74A1-49C7-BA9B-944C408A7659} = {9A0E06EA-8E09-441A-B076-896000D5957B}
		{0D662C3E-264F-4F28-8BE0-EA0A758CB7B2} = {9A0E06EA-8E09-441A-B076-896000D5957B}
		{0F6530C1-6D49-484D-9339-3287BEE1ED0A} = {9A0E06EA-8E09-441A-B076-896000D5957B}
		{4FFC62D4-D541-4162-B4EC-3BC30E5717DC} = {9A0E06EA-8E09-441A-B076-896000D5957B}
		{1FF1AA14-DA87-4458-95B9-A2C2D34F9DE8} = {9A0E06EA-8E09-441A-B076-896000D5957B}
		{081E5082-2CFB-4015-8D41-0171A588CDA3} = {9A0E06EA-8E09-441A-B076-896000D5957B}
		{A61546DF-CB10-424F-9DBC-817F1FED80D3} = {9A0E06EA-8E09-441A-B076-896000D5957B}
		{7075B9EF-BA53-478B-B376-D7A136FECC6A} = {9A0E06EA-8E09-441A-B076-896000D5957B}
		{352A6B6E-276A-4FD6-BDE6-5C5D4012E347} = {B8D9D2A8-6E21-41CA-9D40-C2779A1E46F5}
		{D7388676-14A4-4C05-8D24-2E219019A9C3} = {9A0E06EA-8E09-441A-B076-896000D5957B}
		{3C314965-9C9A-4C06-95BD-23C7AD0DE2A6} = {B8D9D2A8-6E21-41CA-9D40-C2779A1E46F5}
		{1C87EF46-0566-4A9B-9843-81B013DDFEA4} = {9A0E06EA-8E09-441A-B076-896000D5957B}
		{9BC2F338-CFA3-489B-94DB-6B97656CA62E} = {9A0E06EA-8E09-441A-B076-896000D5957B}
		{5BF48AC3-5091-4F7D-A507-0E568408BF2D} = {9A0E06EA-8E09-441A-B076-896000D5957B}
		{F26F655A-66A0-46A4-A309-5E7A0FD27E85} = {9A0E06EA-8E09-441A-B076-896000D5957B}
		{84A42046-389A-46A6-A37D-6E7789B1B9DC} = {9A0E06EA-8E09-441A-B076-896000D5957B}
		{A703359A-B2B0-4431-9F07-1057ACAF6EBC} = {9A0E06EA-8E09-441A-B076-896000D5957B}
		{FDC9BDA3-DB58-4064-AC43-CE67AB8CEE7C} = {9A0E06EA-8E09-441A-B076-896000D5957B}
		{DCC6629B-44E0-4C5D-8578-E922AB15109B} = {9A0E06EA-8E09-441A-B076-896000D5957B}
		{593D5BF2-5A35-49E5-8F41-9F2D950B5A1A} = {9A0E06EA-8E09-441A-B076-896000D5957B}
		{0F1FA47A-539C-4448-9C55-29FD9C7FAF57} = {9A0E06EA-8E09-441A-B076-896000D5957B}
		{7563AB88-04F4-47E5-8C73-FBB3E1CF938E} = {9A0E06EA-8E09-441A-B076-896000D5957B}
		{EB720F19-3833-4267-8266-B46C6B54C0FC} = {9A0E06EA-8E09-441A-B076-896000D5957B}
		{3C546969-3D61-4908-B52E-6B9D90345D31} = {9A0E06EA-8E09-441A-B076-896000D5957B}
		{BD0FBC06-E20B-4DD6-BF6A-C430D9DFF3FA} = {9A0E06EA-8E09-441A-B076-896000D5957B}
		{15836020-B894-4EC9-971E-0E6741D5B369} = {9A0E06EA-8E09-441A-B076-896000D5957B}
		{A97996A9-F258-46D6-800C-0DAE1437D53F} = {9A0E06EA-8E09-441A-B076-896000D5957B}
		{E46AC9E5-70CD-497A-ADDC-341077A52B43} = {9A0E06EA-8E09-441A-B076-896000D5957B}
		{D8DDE801-2EF4-4DAC-B5A4-21E479129DEE} = {9A0E06EA-8E09-441A-B076-896000D5957B}
		{E184089D-7152-47FC-926C-DB6F6BA56C3B} = {9A0E06EA-8E09-441A-B076-896000D5957B}
		{1958B225-22D5-4BB0-A06F-5CB5E678C3F9} = {9A0E06EA-8E09-441A-B076-896000D5957B}
		{FDC92589-BA6B-4121-9A91-A311D2958F87} = {9A0E06EA-8E09-441A-B076-896000D5957B}
		{0E21920E-511F-48D8-AE9E-19AC43DD0B08} = {9A0E06EA-8E09-441A-B076-896000D5957B}
		{292F9290-4838-4ABB-BA99-C3F6B385FE45} = {9A0E06EA-8E09-441A-B076-896000D5957B}
		{2E22399C-132C-4932-91D9-0ABC40539FA5} = {9A0E06EA-8E09-441A-B076-896000D5957B}
		{C9B70FD1-3EA2-48AC-ACBE-E867B3BC632F} = {9A0E06EA-8E09-441A-B076-896000D5957B}
		{7C4CD664-E979-4E60-898F-FA07F703568C} = {9A0E06EA-8E09-441A-B076-896000D5957B}
		{EE0A8822-E0E3-49C9-91E9-8BE5BBE879C5} = {9A0E06EA-8E09-441A-B076-896000D5957B}
	EndGlobalSection
	GlobalSection(ExtensibilityGlobals) = postSolution
		SolutionGuid = {441F1488-343D-402A-A07C-55850889C157}
	EndGlobalSection
EndGlobal
