
Microsoft Visual Studio Solution File, Format Version 12.00
# Visual Studio 15
VisualStudioVersion = 15.0.27703.2026
MinimumVisualStudioVersion = 10.0.40219.1
Project("{2150E333-8FDC-42A3-9474-1A3956D46DE8}") = "src", "src", "{9A0E06EA-8E09-441A-B076-896000D5957B}"
EndProject
Project("{2150E333-8FDC-42A3-9474-1A3956D46DE8}") = "tests", "tests", "{B8D9D2A8-6E21-41CA-9D40-C2779A1E46F5}"
EndProject
Project("{9A19103F-16F7-4668-BE54-9A1E7A4F7556}") = "Dnc.Core", "src\Dnc.Core\Dnc.Core.csproj", "{48C5AE35-74A1-49C7-BA9B-944C408A7659}"
EndProject
Project("{9A19103F-16F7-4668-BE54-9A1E7A4F7556}") = "Dnc.AspNetCore", "src\Dnc.AspNetCore\Dnc.AspNetCore.csproj", "{F132CAE6-DB08-4226-9FE5-A29DD97EE18C}"
EndProject
Project("{9A19103F-16F7-4668-BE54-9A1E7A4F7556}") = "Dnc.WPF", "src\Dnc.WPF\Dnc.WPF.csproj", "{F6E4C1E8-08A7-40A6-B94A-C50F8BE66D80}"
EndProject
Project("{FAE04EC0-301F-11D3-BF4B-00C04F79EFBC}") = "Dnc.WPF.Ui", "src\Dnc.WPF.Ui\Dnc.WPF.Ui.csproj", "{C9B70FD1-3EA2-48AC-ACBE-E867B3BC632F}"
EndProject
Project("{9A19103F-16F7-4668-BE54-9A1E7A4F7556}") = "Dnc.AspNetCore.Ui", "src\Dnc.AspNetCore.Ui\Dnc.AspNetCore.Ui.csproj", "{5CF51F84-5825-454C-AB10-7DC036660A26}"
EndProject
Project("{9A19103F-16F7-4668-BE54-9A1E7A4F7556}") = "Dnc.Windows32", "src\Dnc.Windows32\Dnc.Windows32.csproj", "{0D662C3E-264F-4F28-8BE0-EA0A758CB7B2}"
EndProject
Project("{9A19103F-16F7-4668-BE54-9A1E7A4F7556}") = "Dnc.Micro", "src\Dnc.Micro\Dnc.Micro.csproj", "{0F6530C1-6D49-484D-9339-3287BEE1ED0A}"
EndProject
Project("{9A19103F-16F7-4668-BE54-9A1E7A4F7556}") = "Dnc.BigData", "src\Dnc.BigData\Dnc.BigData.csproj", "{4FFC62D4-D541-4162-B4EC-3BC30E5717DC}"
EndProject
Project("{2150E333-8FDC-42A3-9474-1A3956D46DE8}") = "Solution Items", "Solution Items", "{32B75108-75DD-4C2A-AD1A-553275A7F826}"
	ProjectSection(SolutionItems) = preProject
		.build\build.cake = .build\build.cake
	EndProjectSection
EndProject
Project("{9A19103F-16F7-4668-BE54-9A1E7A4F7556}") = "Dnc.Spider", "src\Dnc.Spider\Dnc.Spider.csproj", "{1FF1AA14-DA87-4458-95B9-A2C2D34F9DE8}"
EndProject
Project("{9A19103F-16F7-4668-BE54-9A1E7A4F7556}") = "Dnc.Spider.HttpRequest", "src\Dnc.Spider.HttpRequest\Dnc.Spider.HttpRequest.csproj", "{081E5082-2CFB-4015-8D41-0171A588CDA3}"
EndProject
Project("{9A19103F-16F7-4668-BE54-9A1E7A4F7556}") = "Dnc.Spider.Puppeteer", "src\Dnc.Spider.Puppeteer\Dnc.Spider.Puppeteer.csproj", "{A61546DF-CB10-424F-9DBC-817F1FED80D3}"
EndProject
Project("{9A19103F-16F7-4668-BE54-9A1E7A4F7556}") = "Dnc.Redis", "src\Dnc.Redis\Dnc.Redis.csproj", "{7075B9EF-BA53-478B-B376-D7A136FECC6A}"
EndProject
Project("{9A19103F-16F7-4668-BE54-9A1E7A4F7556}") = "Dnc.UnitTests", "tests\Dnc.UnitTests\Dnc.UnitTests.csproj", "{352A6B6E-276A-4FD6-BDE6-5C5D4012E347}"
EndProject
Project("{9A19103F-16F7-4668-BE54-9A1E7A4F7556}") = "Dnc.Spider.Selenium", "src\Dnc.Spider.Selenium\Dnc.Spider.Selenium.csproj", "{D7388676-14A4-4C05-8D24-2E219019A9C3}"
EndProject
Project("{9A19103F-16F7-4668-BE54-9A1E7A4F7556}") = "Dnc.Test", "tests\Dnc.Test\Dnc.Test.csproj", "{3C314965-9C9A-4C06-95BD-23C7AD0DE2A6}"
EndProject
Project("{9A19103F-16F7-4668-BE54-9A1E7A4F7556}") = "Dnc.Dispatcher", "src\Dnc.Dispatcher\Dnc.Dispatcher.csproj", "{1C87EF46-0566-4A9B-9843-81B013DDFEA4}"
EndProject
Project("{FAE04EC0-301F-11D3-BF4B-00C04F79EFBC}") = "Dnc.Data", "src\Dnc.Data\Dnc.Data.csproj", "{9BC2F338-CFA3-489B-94DB-6B97656CA62E}"
EndProject
Project("{FAE04EC0-301F-11D3-BF4B-00C04F79EFBC}") = "Dnc.Biz.Admin", "src\Dnc.Biz.Admin\Dnc.Biz.Admin.csproj", "{5BF48AC3-5091-4F7D-A507-0E568408BF2D}"
EndProject
Project("{FAE04EC0-301F-11D3-BF4B-00C04F79EFBC}") = "Dnc.Biz.Users", "src\Dnc.Biz.Users\Dnc.Biz.Users.csproj", "{F26F655A-66A0-46A4-A309-5E7A0FD27E85}"
EndProject
Global
	GlobalSection(SolutionConfigurationPlatforms) = preSolution
		Debug|Any CPU = Debug|Any CPU
		Release|Any CPU = Release|Any CPU
	EndGlobalSection
	GlobalSection(ProjectConfigurationPlatforms) = postSolution
		{48C5AE35-74A1-49C7-BA9B-944C408A7659}.Debug|Any CPU.ActiveCfg = Debug|Any CPU
		{48C5AE35-74A1-49C7-BA9B-944C408A7659}.Debug|Any CPU.Build.0 = Debug|Any CPU
		{48C5AE35-74A1-49C7-BA9B-944C408A7659}.Release|Any CPU.ActiveCfg = Release|Any CPU
		{48C5AE35-74A1-49C7-BA9B-944C408A7659}.Release|Any CPU.Build.0 = Release|Any CPU
		{F132CAE6-DB08-4226-9FE5-A29DD97EE18C}.Debug|Any CPU.ActiveCfg = Debug|Any CPU
		{F132CAE6-DB08-4226-9FE5-A29DD97EE18C}.Debug|Any CPU.Build.0 = Debug|Any CPU
		{F132CAE6-DB08-4226-9FE5-A29DD97EE18C}.Release|Any CPU.ActiveCfg = Release|Any CPU
		{F132CAE6-DB08-4226-9FE5-A29DD97EE18C}.Release|Any CPU.Build.0 = Release|Any CPU
		{F6E4C1E8-08A7-40A6-B94A-C50F8BE66D80}.Debug|Any CPU.ActiveCfg = Debug|Any CPU
		{F6E4C1E8-08A7-40A6-B94A-C50F8BE66D80}.Debug|Any CPU.Build.0 = Debug|Any CPU
		{F6E4C1E8-08A7-40A6-B94A-C50F8BE66D80}.Release|Any CPU.ActiveCfg = Release|Any CPU
		{F6E4C1E8-08A7-40A6-B94A-C50F8BE66D80}.Release|Any CPU.Build.0 = Release|Any CPU
		{C9B70FD1-3EA2-48AC-ACBE-E867B3BC632F}.Debug|Any CPU.ActiveCfg = Debug|Any CPU
		{C9B70FD1-3EA2-48AC-ACBE-E867B3BC632F}.Debug|Any CPU.Build.0 = Debug|Any CPU
		{C9B70FD1-3EA2-48AC-ACBE-E867B3BC632F}.Release|Any CPU.ActiveCfg = Release|Any CPU
		{C9B70FD1-3EA2-48AC-ACBE-E867B3BC632F}.Release|Any CPU.Build.0 = Release|Any CPU
		{5CF51F84-5825-454C-AB10-7DC036660A26}.Debug|Any CPU.ActiveCfg = Debug|Any CPU
		{5CF51F84-5825-454C-AB10-7DC036660A26}.Debug|Any CPU.Build.0 = Debug|Any CPU
		{5CF51F84-5825-454C-AB10-7DC036660A26}.Release|Any CPU.ActiveCfg = Release|Any CPU
		{5CF51F84-5825-454C-AB10-7DC036660A26}.Release|Any CPU.Build.0 = Release|Any CPU
		{0D662C3E-264F-4F28-8BE0-EA0A758CB7B2}.Debug|Any CPU.ActiveCfg = Debug|Any CPU
		{0D662C3E-264F-4F28-8BE0-EA0A758CB7B2}.Debug|Any CPU.Build.0 = Debug|Any CPU
		{0D662C3E-264F-4F28-8BE0-EA0A758CB7B2}.Release|Any CPU.ActiveCfg = Release|Any CPU
		{0D662C3E-264F-4F28-8BE0-EA0A758CB7B2}.Release|Any CPU.Build.0 = Release|Any CPU
		{0F6530C1-6D49-484D-9339-3287BEE1ED0A}.Debug|Any CPU.ActiveCfg = Debug|Any CPU
		{0F6530C1-6D49-484D-9339-3287BEE1ED0A}.Debug|Any CPU.Build.0 = Debug|Any CPU
		{0F6530C1-6D49-484D-9339-3287BEE1ED0A}.Release|Any CPU.ActiveCfg = Release|Any CPU
		{0F6530C1-6D49-484D-9339-3287BEE1ED0A}.Release|Any CPU.Build.0 = Release|Any CPU
		{4FFC62D4-D541-4162-B4EC-3BC30E5717DC}.Debug|Any CPU.ActiveCfg = Debug|Any CPU
		{4FFC62D4-D541-4162-B4EC-3BC30E5717DC}.Debug|Any CPU.Build.0 = Debug|Any CPU
		{4FFC62D4-D541-4162-B4EC-3BC30E5717DC}.Release|Any CPU.ActiveCfg = Release|Any CPU
		{4FFC62D4-D541-4162-B4EC-3BC30E5717DC}.Release|Any CPU.Build.0 = Release|Any CPU
		{1FF1AA14-DA87-4458-95B9-A2C2D34F9DE8}.Debug|Any CPU.ActiveCfg = Debug|Any CPU
		{1FF1AA14-DA87-4458-95B9-A2C2D34F9DE8}.Debug|Any CPU.Build.0 = Debug|Any CPU
		{1FF1AA14-DA87-4458-95B9-A2C2D34F9DE8}.Release|Any CPU.ActiveCfg = Release|Any CPU
		{1FF1AA14-DA87-4458-95B9-A2C2D34F9DE8}.Release|Any CPU.Build.0 = Release|Any CPU
		{081E5082-2CFB-4015-8D41-0171A588CDA3}.Debug|Any CPU.ActiveCfg = Debug|Any CPU
		{081E5082-2CFB-4015-8D41-0171A588CDA3}.Debug|Any CPU.Build.0 = Debug|Any CPU
		{081E5082-2CFB-4015-8D41-0171A588CDA3}.Release|Any CPU.ActiveCfg = Release|Any CPU
		{081E5082-2CFB-4015-8D41-0171A588CDA3}.Release|Any CPU.Build.0 = Release|Any CPU
		{A61546DF-CB10-424F-9DBC-817F1FED80D3}.Debug|Any CPU.ActiveCfg = Debug|Any CPU
		{A61546DF-CB10-424F-9DBC-817F1FED80D3}.Debug|Any CPU.Build.0 = Debug|Any CPU
		{A61546DF-CB10-424F-9DBC-817F1FED80D3}.Release|Any CPU.ActiveCfg = Release|Any CPU
		{A61546DF-CB10-424F-9DBC-817F1FED80D3}.Release|Any CPU.Build.0 = Release|Any CPU
		{7075B9EF-BA53-478B-B376-D7A136FECC6A}.Debug|Any CPU.ActiveCfg = Debug|Any CPU
		{7075B9EF-BA53-478B-B376-D7A136FECC6A}.Debug|Any CPU.Build.0 = Debug|Any CPU
		{7075B9EF-BA53-478B-B376-D7A136FECC6A}.Release|Any CPU.ActiveCfg = Release|Any CPU
		{7075B9EF-BA53-478B-B376-D7A136FECC6A}.Release|Any CPU.Build.0 = Release|Any CPU
		{352A6B6E-276A-4FD6-BDE6-5C5D4012E347}.Debug|Any CPU.ActiveCfg = Debug|Any CPU
		{352A6B6E-276A-4FD6-BDE6-5C5D4012E347}.Debug|Any CPU.Build.0 = Debug|Any CPU
		{352A6B6E-276A-4FD6-BDE6-5C5D4012E347}.Release|Any CPU.ActiveCfg = Release|Any CPU
		{352A6B6E-276A-4FD6-BDE6-5C5D4012E347}.Release|Any CPU.Build.0 = Release|Any CPU
		{D7388676-14A4-4C05-8D24-2E219019A9C3}.Debug|Any CPU.ActiveCfg = Debug|Any CPU
		{D7388676-14A4-4C05-8D24-2E219019A9C3}.Debug|Any CPU.Build.0 = Debug|Any CPU
		{D7388676-14A4-4C05-8D24-2E219019A9C3}.Release|Any CPU.ActiveCfg = Release|Any CPU
		{D7388676-14A4-4C05-8D24-2E219019A9C3}.Release|Any CPU.Build.0 = Release|Any CPU
		{3C314965-9C9A-4C06-95BD-23C7AD0DE2A6}.Debug|Any CPU.ActiveCfg = Debug|Any CPU
		{3C314965-9C9A-4C06-95BD-23C7AD0DE2A6}.Debug|Any CPU.Build.0 = Debug|Any CPU
		{3C314965-9C9A-4C06-95BD-23C7AD0DE2A6}.Release|Any CPU.ActiveCfg = Release|Any CPU
		{3C314965-9C9A-4C06-95BD-23C7AD0DE2A6}.Release|Any CPU.Build.0 = Release|Any CPU
		{1C87EF46-0566-4A9B-9843-81B013DDFEA4}.Debug|Any CPU.ActiveCfg = Debug|Any CPU
		{1C87EF46-0566-4A9B-9843-81B013DDFEA4}.Debug|Any CPU.Build.0 = Debug|Any CPU
		{1C87EF46-0566-4A9B-9843-81B013DDFEA4}.Release|Any CPU.ActiveCfg = Release|Any CPU
		{1C87EF46-0566-4A9B-9843-81B013DDFEA4}.Release|Any CPU.Build.0 = Release|Any CPU
		{9BC2F338-CFA3-489B-94DB-6B97656CA62E}.Debug|Any CPU.ActiveCfg = Debug|Any CPU
		{9BC2F338-CFA3-489B-94DB-6B97656CA62E}.Debug|Any CPU.Build.0 = Debug|Any CPU
		{9BC2F338-CFA3-489B-94DB-6B97656CA62E}.Release|Any CPU.ActiveCfg = Release|Any CPU
		{9BC2F338-CFA3-489B-94DB-6B97656CA62E}.Release|Any CPU.Build.0 = Release|Any CPU
		{5BF48AC3-5091-4F7D-A507-0E568408BF2D}.Debug|Any CPU.ActiveCfg = Debug|Any CPU
		{5BF48AC3-5091-4F7D-A507-0E568408BF2D}.Debug|Any CPU.Build.0 = Debug|Any CPU
		{5BF48AC3-5091-4F7D-A507-0E568408BF2D}.Release|Any CPU.ActiveCfg = Release|Any CPU
		{5BF48AC3-5091-4F7D-A507-0E568408BF2D}.Release|Any CPU.Build.0 = Release|Any CPU
		{F26F655A-66A0-46A4-A309-5E7A0FD27E85}.Debug|Any CPU.ActiveCfg = Debug|Any CPU
		{F26F655A-66A0-46A4-A309-5E7A0FD27E85}.Debug|Any CPU.Build.0 = Debug|Any CPU
		{F26F655A-66A0-46A4-A309-5E7A0FD27E85}.Release|Any CPU.ActiveCfg = Release|Any CPU
		{F26F655A-66A0-46A4-A309-5E7A0FD27E85}.Release|Any CPU.Build.0 = Release|Any CPU
	EndGlobalSection
	GlobalSection(SolutionProperties) = preSolution
		HideSolutionNode = FALSE
	EndGlobalSection
	GlobalSection(NestedProjects) = preSolution
		{48C5AE35-74A1-49C7-BA9B-944C408A7659} = {9A0E06EA-8E09-441A-B076-896000D5957B}
		{F132CAE6-DB08-4226-9FE5-A29DD97EE18C} = {9A0E06EA-8E09-441A-B076-896000D5957B}
		{F6E4C1E8-08A7-40A6-B94A-C50F8BE66D80} = {9A0E06EA-8E09-441A-B076-896000D5957B}
		{C9B70FD1-3EA2-48AC-ACBE-E867B3BC632F} = {9A0E06EA-8E09-441A-B076-896000D5957B}
		{5CF51F84-5825-454C-AB10-7DC036660A26} = {9A0E06EA-8E09-441A-B076-896000D5957B}
		{0D662C3E-264F-4F28-8BE0-EA0A758CB7B2} = {9A0E06EA-8E09-441A-B076-896000D5957B}
		{0F6530C1-6D49-484D-9339-3287BEE1ED0A} = {9A0E06EA-8E09-441A-B076-896000D5957B}
		{4FFC62D4-D541-4162-B4EC-3BC30E5717DC} = {9A0E06EA-8E09-441A-B076-896000D5957B}
		{1FF1AA14-DA87-4458-95B9-A2C2D34F9DE8} = {9A0E06EA-8E09-441A-B076-896000D5957B}
		{081E5082-2CFB-4015-8D41-0171A588CDA3} = {9A0E06EA-8E09-441A-B076-896000D5957B}
		{A61546DF-CB10-424F-9DBC-817F1FED80D3} = {9A0E06EA-8E09-441A-B076-896000D5957B}
		{7075B9EF-BA53-478B-B376-D7A136FECC6A} = {9A0E06EA-8E09-441A-B076-896000D5957B}
		{352A6B6E-276A-4FD6-BDE6-5C5D4012E347} = {B8D9D2A8-6E21-41CA-9D40-C2779A1E46F5}
		{D7388676-14A4-4C05-8D24-2E219019A9C3} = {9A0E06EA-8E09-441A-B076-896000D5957B}
		{3C314965-9C9A-4C06-95BD-23C7AD0DE2A6} = {B8D9D2A8-6E21-41CA-9D40-C2779A1E46F5}
		{1C87EF46-0566-4A9B-9843-81B013DDFEA4} = {9A0E06EA-8E09-441A-B076-896000D5957B}
		{9BC2F338-CFA3-489B-94DB-6B97656CA62E} = {9A0E06EA-8E09-441A-B076-896000D5957B}
		{5BF48AC3-5091-4F7D-A507-0E568408BF2D} = {9A0E06EA-8E09-441A-B076-896000D5957B}
		{F26F655A-66A0-46A4-A309-5E7A0FD27E85} = {9A0E06EA-8E09-441A-B076-896000D5957B}
	EndGlobalSection
	GlobalSection(ExtensibilityGlobals) = postSolution
		SolutionGuid = {441F1488-343D-402A-A07C-55850889C157}
	EndGlobalSection
EndGlobal
