
Microsoft Visual Studio Solution File, Format Version 12.00
# Visual Studio 15
VisualStudioVersion = 15.0.27703.2026
MinimumVisualStudioVersion = 10.0.40219.1
Project("{2150E333-8FDC-42A3-9474-1A3956D46DE8}") = "src", "src", "{9A0E06EA-8E09-441A-B076-896000D5957B}"
EndProject
Project("{2150E333-8FDC-42A3-9474-1A3956D46DE8}") = "tests", "tests", "{B8D9D2A8-6E21-41CA-9D40-C2779A1E46F5}"
EndProject
Project("{FAE04EC0-301F-11D3-BF4B-00C04F79EFBC}") = "Dnc.WpfApp", "tests\Dnc.WpfApp\Dnc.WpfApp.csproj", "{9AAEA85C-6910-42B8-A910-CB2F07CABF99}"
EndProject
Project("{9A19103F-16F7-4668-BE54-9A1E7A4F7556}") = "Dnc.Core", "src\Dnc.Core\Dnc.Core.csproj", "{48C5AE35-74A1-49C7-BA9B-944C408A7659}"
EndProject
Project("{9A19103F-16F7-4668-BE54-9A1E7A4F7556}") = "Dnc.AspNetCore", "src\Dnc.AspNetCore\Dnc.AspNetCore.csproj", "{F132CAE6-DB08-4226-9FE5-A29DD97EE18C}"
EndProject
Project("{9A19103F-16F7-4668-BE54-9A1E7A4F7556}") = "Dnc.API", "tests\Dnc.API\Dnc.API.csproj", "{F1E4BB90-0E72-41FB-9B49-1D6E41C9A9B5}"
EndProject
Project("{9A19103F-16F7-4668-BE54-9A1E7A4F7556}") = "Dnc.WPF", "src\Dnc.WPF\Dnc.WPF.csproj", "{F6E4C1E8-08A7-40A6-B94A-C50F8BE66D80}"
EndProject
Project("{FAE04EC0-301F-11D3-BF4B-00C04F79EFBC}") = "Dnc.WPF.Ui", "src\Dnc.WPF.Ui\Dnc.WPF.Ui.csproj", "{C9B70FD1-3EA2-48AC-ACBE-E867B3BC632F}"
EndProject
Project("{9A19103F-16F7-4668-BE54-9A1E7A4F7556}") = "Dnc.AspNetCore.Ui", "src\Dnc.AspNetCore.Ui\Dnc.AspNetCore.Ui.csproj", "{5CF51F84-5825-454C-AB10-7DC036660A26}"
EndProject
Project("{9A19103F-16F7-4668-BE54-9A1E7A4F7556}") = "Dnc.Mvc", "tests\Dnc.Mvc\Dnc.Mvc.csproj", "{34DF0297-1F5E-483A-9B7E-148E4CA05539}"
EndProject
Project("{9A19103F-16F7-4668-BE54-9A1E7A4F7556}") = "Dnc.ConsoleApp", "tests\Dnc.ConsoleApp\Dnc.ConsoleApp.csproj", "{977C6874-B81B-4868-8760-278CED0260A8}"
EndProject
Project("{9A19103F-16F7-4668-BE54-9A1E7A4F7556}") = "Dnc.Micro", "src\Dnc.Micro\Dnc.Micro.csproj", "{0F6530C1-6D49-484D-9339-3287BEE1ED0A}"
EndProject
Global
	GlobalSection(SolutionConfigurationPlatforms) = preSolution
		Debug|Any CPU = Debug|Any CPU
		Release|Any CPU = Release|Any CPU
	EndGlobalSection
	GlobalSection(ProjectConfigurationPlatforms) = postSolution
		{9AAEA85C-6910-42B8-A910-CB2F07CABF99}.Debug|Any CPU.ActiveCfg = Debug|Any CPU
		{9AAEA85C-6910-42B8-A910-CB2F07CABF99}.Debug|Any CPU.Build.0 = Debug|Any CPU
		{9AAEA85C-6910-42B8-A910-CB2F07CABF99}.Release|Any CPU.ActiveCfg = Release|Any CPU
		{9AAEA85C-6910-42B8-A910-CB2F07CABF99}.Release|Any CPU.Build.0 = Release|Any CPU
		{48C5AE35-74A1-49C7-BA9B-944C408A7659}.Debug|Any CPU.ActiveCfg = Debug|Any CPU
		{48C5AE35-74A1-49C7-BA9B-944C408A7659}.Debug|Any CPU.Build.0 = Debug|Any CPU
		{48C5AE35-74A1-49C7-BA9B-944C408A7659}.Release|Any CPU.ActiveCfg = Release|Any CPU
		{48C5AE35-74A1-49C7-BA9B-944C408A7659}.Release|Any CPU.Build.0 = Release|Any CPU
		{F132CAE6-DB08-4226-9FE5-A29DD97EE18C}.Debug|Any CPU.ActiveCfg = Debug|Any CPU
		{F132CAE6-DB08-4226-9FE5-A29DD97EE18C}.Debug|Any CPU.Build.0 = Debug|Any CPU
		{F132CAE6-DB08-4226-9FE5-A29DD97EE18C}.Release|Any CPU.ActiveCfg = Release|Any CPU
		{F132CAE6-DB08-4226-9FE5-A29DD97EE18C}.Release|Any CPU.Build.0 = Release|Any CPU
		{F1E4BB90-0E72-41FB-9B49-1D6E41C9A9B5}.Debug|Any CPU.ActiveCfg = Debug|Any CPU
		{F1E4BB90-0E72-41FB-9B49-1D6E41C9A9B5}.Debug|Any CPU.Build.0 = Debug|Any CPU
		{F1E4BB90-0E72-41FB-9B49-1D6E41C9A9B5}.Release|Any CPU.ActiveCfg = Release|Any CPU
		{F1E4BB90-0E72-41FB-9B49-1D6E41C9A9B5}.Release|Any CPU.Build.0 = Release|Any CPU
		{F6E4C1E8-08A7-40A6-B94A-C50F8BE66D80}.Debug|Any CPU.ActiveCfg = Debug|Any CPU
		{F6E4C1E8-08A7-40A6-B94A-C50F8BE66D80}.Debug|Any CPU.Build.0 = Debug|Any CPU
		{F6E4C1E8-08A7-40A6-B94A-C50F8BE66D80}.Release|Any CPU.ActiveCfg = Release|Any CPU
		{F6E4C1E8-08A7-40A6-B94A-C50F8BE66D80}.Release|Any CPU.Build.0 = Release|Any CPU
		{C9B70FD1-3EA2-48AC-ACBE-E867B3BC632F}.Debug|Any CPU.ActiveCfg = Debug|Any CPU
		{C9B70FD1-3EA2-48AC-ACBE-E867B3BC632F}.Debug|Any CPU.Build.0 = Debug|Any CPU
		{C9B70FD1-3EA2-48AC-ACBE-E867B3BC632F}.Release|Any CPU.ActiveCfg = Release|Any CPU
		{C9B70FD1-3EA2-48AC-ACBE-E867B3BC632F}.Release|Any CPU.Build.0 = Release|Any CPU
		{5CF51F84-5825-454C-AB10-7DC036660A26}.Debug|Any CPU.ActiveCfg = Debug|Any CPU
		{5CF51F84-5825-454C-AB10-7DC036660A26}.Debug|Any CPU.Build.0 = Debug|Any CPU
		{5CF51F84-5825-454C-AB10-7DC036660A26}.Release|Any CPU.ActiveCfg = Release|Any CPU
		{5CF51F84-5825-454C-AB10-7DC036660A26}.Release|Any CPU.Build.0 = Release|Any CPU
		{34DF0297-1F5E-483A-9B7E-148E4CA05539}.Debug|Any CPU.ActiveCfg = Debug|Any CPU
		{34DF0297-1F5E-483A-9B7E-148E4CA05539}.Debug|Any CPU.Build.0 = Debug|Any CPU
		{34DF0297-1F5E-483A-9B7E-148E4CA05539}.Release|Any CPU.ActiveCfg = Release|Any CPU
		{34DF0297-1F5E-483A-9B7E-148E4CA05539}.Release|Any CPU.Build.0 = Release|Any CPU
		{977C6874-B81B-4868-8760-278CED0260A8}.Debug|Any CPU.ActiveCfg = Debug|Any CPU
		{977C6874-B81B-4868-8760-278CED0260A8}.Debug|Any CPU.Build.0 = Debug|Any CPU
		{977C6874-B81B-4868-8760-278CED0260A8}.Release|Any CPU.ActiveCfg = Release|Any CPU
		{977C6874-B81B-4868-8760-278CED0260A8}.Release|Any CPU.Build.0 = Release|Any CPU
		{0F6530C1-6D49-484D-9339-3287BEE1ED0A}.Debug|Any CPU.ActiveCfg = Debug|Any CPU
		{0F6530C1-6D49-484D-9339-3287BEE1ED0A}.Debug|Any CPU.Build.0 = Debug|Any CPU
		{0F6530C1-6D49-484D-9339-3287BEE1ED0A}.Release|Any CPU.ActiveCfg = Release|Any CPU
		{0F6530C1-6D49-484D-9339-3287BEE1ED0A}.Release|Any CPU.Build.0 = Release|Any CPU
	EndGlobalSection
	GlobalSection(SolutionProperties) = preSolution
		HideSolutionNode = FALSE
	EndGlobalSection
	GlobalSection(NestedProjects) = preSolution
		{9AAEA85C-6910-42B8-A910-CB2F07CABF99} = {B8D9D2A8-6E21-41CA-9D40-C2779A1E46F5}
		{48C5AE35-74A1-49C7-BA9B-944C408A7659} = {9A0E06EA-8E09-441A-B076-896000D5957B}
		{F132CAE6-DB08-4226-9FE5-A29DD97EE18C} = {9A0E06EA-8E09-441A-B076-896000D5957B}
		{F1E4BB90-0E72-41FB-9B49-1D6E41C9A9B5} = {B8D9D2A8-6E21-41CA-9D40-C2779A1E46F5}
		{F6E4C1E8-08A7-40A6-B94A-C50F8BE66D80} = {9A0E06EA-8E09-441A-B076-896000D5957B}
		{C9B70FD1-3EA2-48AC-ACBE-E867B3BC632F} = {9A0E06EA-8E09-441A-B076-896000D5957B}
		{5CF51F84-5825-454C-AB10-7DC036660A26} = {9A0E06EA-8E09-441A-B076-896000D5957B}
		{34DF0297-1F5E-483A-9B7E-148E4CA05539} = {B8D9D2A8-6E21-41CA-9D40-C2779A1E46F5}
		{977C6874-B81B-4868-8760-278CED0260A8} = {B8D9D2A8-6E21-41CA-9D40-C2779A1E46F5}
		{0F6530C1-6D49-484D-9339-3287BEE1ED0A} = {9A0E06EA-8E09-441A-B076-896000D5957B}
	EndGlobalSection
	GlobalSection(ExtensibilityGlobals) = postSolution
		SolutionGuid = {441F1488-343D-402A-A07C-55850889C157}
	EndGlobalSection
EndGlobal
